
Microsoft Visual Studio Solution File, Format Version 12.00
# Visual Studio Version 17
VisualStudioVersion = 17.14.36121.58 d17.14
MinimumVisualStudioVersion = 10.0.40219.1
Project("{FAE04EC0-301F-11D3-BF4B-00C04F79EFBC}") = "GarageApp", "GarageApp\GarageApp.csproj", "{E1B9F24B-0AD4-434A-A60A-6F9203E0B406}"
EndProject
Global
	GlobalSection(SolutionConfigurationPlatforms) = preSolution
		Debug|Any CPU = Debug|Any CPU
		Release|Any CPU = Release|Any CPU
	EndGlobalSection
	GlobalSection(ProjectConfigurationPlatforms) = postSolution
		{E1B9F24B-0AD4-434A-A60A-6F9203E0B406}.Debug|Any CPU.ActiveCfg = Debug|Any CPU
		{E1B9F24B-0AD4-434A-A60A-6F9203E0B406}.Debug|Any CPU.Build.0 = Debug|Any CPU
		{E1B9F24B-0AD4-434A-A60A-6F9203E0B406}.Release|Any CPU.ActiveCfg = Release|Any CPU
		{E1B9F24B-0AD4-434A-A60A-6F9203E0B406}.Release|Any CPU.Build.0 = Release|Any CPU
	EndGlobalSection
	GlobalSection(SolutionProperties) = preSolution
		HideSolutionNode = FALSE
	EndGlobalSection
	GlobalSection(ExtensibilityGlobals) = postSolution
		SolutionGuid = {CA053805-6CE2-4193-A9CC-834E5B9D62F2}
	EndGlobalSection
EndGlobal
